
Microsoft Visual Studio Solution File, Format Version 12.00
# Visual Studio Version 17
VisualStudioVersion = 17.7.34024.191
MinimumVisualStudioVersion = 10.0.40219.1
Project("{FAE04EC0-301F-11D3-BF4B-00C04F79EFBC}") = "Bifrost.Core", "Bifrost.Core\Bifrost.Core.csproj", "{B4F6A307-AE5D-4896-B9AB-46A200D89968}"
EndProject
Project("{FAE04EC0-301F-11D3-BF4B-00C04F79EFBC}") = "Bifrost.Wpf", "Bifrost.Wpf\Bifrost.Wpf.csproj", "{C7AABBF6-231D-427E-B2EB-45651A85B592}"
EndProject
Project("{FAE04EC0-301F-11D3-BF4B-00C04F79EFBC}") = "Bifrost.ConsoleApp", "Bifrost.ConsoleApp\Bifrost.ConsoleApp.csproj", "{BA84B447-D010-4D5F-8A17-5700067C082D}"
EndProject
Project("{FAE04EC0-301F-11D3-BF4B-00C04F79EFBC}") = "Bifrost.Avalonia", "Bifrost.Avalonia\Bifrost.Avalonia.csproj", "{DA69D8C8-7400-472F-BEFD-8EE10FDF56B7}"
EndProject
Global
	GlobalSection(SolutionConfigurationPlatforms) = preSolution
		Debug|Any CPU = Debug|Any CPU
		Release|Any CPU = Release|Any CPU
	EndGlobalSection
	GlobalSection(ProjectConfigurationPlatforms) = postSolution
		{B4F6A307-AE5D-4896-B9AB-46A200D89968}.Debug|Any CPU.ActiveCfg = Debug|Any CPU
		{B4F6A307-AE5D-4896-B9AB-46A200D89968}.Debug|Any CPU.Build.0 = Debug|Any CPU
		{B4F6A307-AE5D-4896-B9AB-46A200D89968}.Release|Any CPU.ActiveCfg = Release|Any CPU
		{B4F6A307-AE5D-4896-B9AB-46A200D89968}.Release|Any CPU.Build.0 = Release|Any CPU
		{C7AABBF6-231D-427E-B2EB-45651A85B592}.Debug|Any CPU.ActiveCfg = Debug|Any CPU
		{C7AABBF6-231D-427E-B2EB-45651A85B592}.Debug|Any CPU.Build.0 = Debug|Any CPU
		{C7AABBF6-231D-427E-B2EB-45651A85B592}.Release|Any CPU.ActiveCfg = Release|Any CPU
		{C7AABBF6-231D-427E-B2EB-45651A85B592}.Release|Any CPU.Build.0 = Release|Any CPU
		{BA84B447-D010-4D5F-8A17-5700067C082D}.Debug|Any CPU.ActiveCfg = Debug|Any CPU
		{BA84B447-D010-4D5F-8A17-5700067C082D}.Debug|Any CPU.Build.0 = Debug|Any CPU
		{BA84B447-D010-4D5F-8A17-5700067C082D}.Release|Any CPU.ActiveCfg = Release|Any CPU
		{BA84B447-D010-4D5F-8A17-5700067C082D}.Release|Any CPU.Build.0 = Release|Any CPU
		{DA69D8C8-7400-472F-BEFD-8EE10FDF56B7}.Debug|Any CPU.ActiveCfg = Debug|Any CPU
		{DA69D8C8-7400-472F-BEFD-8EE10FDF56B7}.Debug|Any CPU.Build.0 = Debug|Any CPU
		{DA69D8C8-7400-472F-BEFD-8EE10FDF56B7}.Release|Any CPU.ActiveCfg = Release|Any CPU
		{DA69D8C8-7400-472F-BEFD-8EE10FDF56B7}.Release|Any CPU.Build.0 = Release|Any CPU
	EndGlobalSection
	GlobalSection(SolutionProperties) = preSolution
		HideSolutionNode = FALSE
	EndGlobalSection
	GlobalSection(ExtensibilityGlobals) = postSolution
		SolutionGuid = {3ECC3489-883E-4EDE-B16F-F31E43BCC035}
	EndGlobalSection
EndGlobal
